{
  "lockfileVersion": 1,
  "configVersion": 1,
  "workspaces": {
    "": {
      "name": "@zirkeldesign/privacy-captcha-for-cap",
      "devDependencies": {
        "@cap.js/wasm": "^0.0.7",
        "cap-widget": "^0.1.56",
        "pako": "^2.1.0",
      },
    },
  },
  "packages": {
    "@cap.js/wasm": ["@cap.js/wasm@0.0.7", "", {}, "sha512-IgUjrPOUBaOjTp+BkrhfEBBeQ4An7fQiSWWezDy9Uvd+OdTYm4+h3AJU0j/CpHYayp7FltZU+UePC6p28oGQaw=="],

    "cap-widget": ["cap-widget@0.1.56", "", {}, "sha512-mAoFWzouxCjvi0B0Y0s7cRGGaLvJxifMVeNIHiFCkZme/9BOASWliN0aqz9wTUdlrt3Awm0UEA8h8DV1IDUuug=="],

    "pako": ["pako@2.1.0", "", {}, "sha512-w+eufiZ1WuJYgPXbV/PO3NCMEc3xqylkKHzp8bxp1uW4qaSNQUkwmLLEc3kKsfz8lpV1F8Ht3U1Cm+9Srog2ug=="],
  }
}
